
Microsoft Visual Studio Solution File, Format Version 12.00
Project("{FAE04EC0-301F-11D3-BF4B-00C04F79EFBC}") = "ValidaSenha", "ValidaSenha\ValidaSenha.csproj", "{1922CB2B-42F7-4619-B7AD-D77559729592}"
EndProject
Global
	GlobalSection(SolutionConfigurationPlatforms) = preSolution
		Debug|Any CPU = Debug|Any CPU
		Release|Any CPU = Release|Any CPU
	EndGlobalSection
	GlobalSection(ProjectConfigurationPlatforms) = postSolution
		{1922CB2B-42F7-4619-B7AD-D77559729592}.Debug|Any CPU.ActiveCfg = Debug|Any CPU
		{1922CB2B-42F7-4619-B7AD-D77559729592}.Debug|Any CPU.Build.0 = Debug|Any CPU
		{1922CB2B-42F7-4619-B7AD-D77559729592}.Release|Any CPU.ActiveCfg = Release|Any CPU
		{1922CB2B-42F7-4619-B7AD-D77559729592}.Release|Any CPU.Build.0 = Release|Any CPU
	EndGlobalSection
EndGlobal
